
Microsoft Visual Studio Solution File, Format Version 12.00
# Visual Studio Version 16
VisualStudioVersion = 16.0.29613.14
MinimumVisualStudioVersion = 10.0.40219.1
Project("{FAE04EC0-301F-11D3-BF4B-00C04F79EFBC}") = "VokabelCarsten", "VokabelCarsten\VokabelCarsten.csproj", "{DA63BAB5-A198-47E3-8BB2-6A0D8F09B27D}"
EndProject
Project("{9A19103F-16F7-4668-BE54-9A1E7A4F7556}") = "VokabelCarsten.Test", "VokabelCarsten.Test\VokabelCarsten.Test.csproj", "{D75C5EE3-3690-4F8C-BED5-E43BF6D07731}"
EndProject
Global
	GlobalSection(SolutionConfigurationPlatforms) = preSolution
		Debug|Any CPU = Debug|Any CPU
		Release|Any CPU = Release|Any CPU
	EndGlobalSection
	GlobalSection(ProjectConfigurationPlatforms) = postSolution
		{DA63BAB5-A198-47E3-8BB2-6A0D8F09B27D}.Debug|Any CPU.ActiveCfg = Debug|Any CPU
		{DA63BAB5-A198-47E3-8BB2-6A0D8F09B27D}.Debug|Any CPU.Build.0 = Debug|Any CPU
		{DA63BAB5-A198-47E3-8BB2-6A0D8F09B27D}.Debug|Any CPU.Deploy.0 = Debug|Any CPU
		{DA63BAB5-A198-47E3-8BB2-6A0D8F09B27D}.Release|Any CPU.ActiveCfg = Release|Any CPU
		{DA63BAB5-A198-47E3-8BB2-6A0D8F09B27D}.Release|Any CPU.Build.0 = Release|Any CPU
		{DA63BAB5-A198-47E3-8BB2-6A0D8F09B27D}.Release|Any CPU.Deploy.0 = Release|Any CPU
		{D75C5EE3-3690-4F8C-BED5-E43BF6D07731}.Debug|Any CPU.ActiveCfg = Debug|Any CPU
		{D75C5EE3-3690-4F8C-BED5-E43BF6D07731}.Debug|Any CPU.Build.0 = Debug|Any CPU
		{D75C5EE3-3690-4F8C-BED5-E43BF6D07731}.Release|Any CPU.ActiveCfg = Release|Any CPU
		{D75C5EE3-3690-4F8C-BED5-E43BF6D07731}.Release|Any CPU.Build.0 = Release|Any CPU
	EndGlobalSection
	GlobalSection(SolutionProperties) = preSolution
		HideSolutionNode = FALSE
	EndGlobalSection
	GlobalSection(ExtensibilityGlobals) = postSolution
		SolutionGuid = {47EA8EEA-A92F-46F9-A829-775E5E933340}
	EndGlobalSection
EndGlobal
